dependencies:
- name: argo-cd
  repository: https://argoproj.github.io/argo-helm
  version: 5.46.8
- name: argocd-ingress
  repository: file://./charts/argocd-ingress
  version: 0.1.0
digest: sha256:d486950ab5c83daff26887ebc927cd990ac164a9b3c987e82eb82b394e739b4c
generated: "2023-12-17T10:24:46.36551305Z"
